// !$*UTF8*$!
{
	archiveVersion = 1;
	classes = {
	};
	objectVersion = 50;
	objects = {

/* Begin PBXBuildFile section */
		726025321ACADED9C98052BB /* Pods_ExampleApp_iOS.framework in Frameworks */ = {isa = PBXBuildFile; fileRef = C3D4C085952E0DA4D00C8894 /* Pods_ExampleApp_iOS.framework */; };
		765D5D422221651B00A9D6B9 /* ColorSpaceManager.swift in Sources */ = {isa = PBXBuildFile; fileRef = 765D5D412221651B00A9D6B9 /* ColorSpaceManager.swift */; };
		765D5D442221659A00A9D6B9 /* ColorSpace.swift in Sources */ = {isa = PBXBuildFile; fileRef = 765D5D432221659A00A9D6B9 /* ColorSpace.swift */; };
		765D5D46222167B600A9D6B9 /* RGBColorSpace.swift in Sources */ = {isa = PBXBuildFile; fileRef = 765D5D45222167B600A9D6B9 /* RGBColorSpace.swift */; };
		765D5D48222167C100A9D6B9 /* HSVColorSpace.swift in Sources */ = {isa = PBXBuildFile; fileRef = 765D5D47222167C100A9D6B9 /* HSVColorSpace.swift */; };
		765D5D4A2221B4DF00A9D6B9 /* HSLColorSpace.swift in Sources */ = {isa = PBXBuildFile; fileRef = 765D5D492221B4DF00A9D6B9 /* HSLColorSpace.swift */; };
		765D5D4C2221B4ED00A9D6B9 /* RYBColorSpace.swift in Sources */ = {isa = PBXBuildFile; fileRef = 765D5D4B2221B4ED00A9D6B9 /* RYBColorSpace.swift */; };
		765D5D4E2222B1E900A9D6B9 /* LMSColorSpace.swift in Sources */ = {isa = PBXBuildFile; fileRef = 765D5D4D2222B1E900A9D6B9 /* LMSColorSpace.swift */; };
		ED5483312218732C0040473E /* AppDelegate.swift in Sources */ = {isa = PBXBuildFile; fileRef = ED5483302218732C0040473E /* AppDelegate.swift */; };
		ED5483332218732C0040473E /* ViewController.swift in Sources */ = {isa = PBXBuildFile; fileRef = ED5483322218732C0040473E /* ViewController.swift */; };
		ED5483362218732C0040473E /* Main.storyboard in Resources */ = {isa = PBXBuildFile; fileRef = ED5483342218732C0040473E /* Main.storyboard */; };
		ED5483382218732E0040473E /* Assets.xcassets in Resources */ = {isa = PBXBuildFile; fileRef = ED5483372218732E0040473E /* Assets.xcassets */; };
		ED54833B2218732E0040473E /* LaunchScreen.storyboard in Resources */ = {isa = PBXBuildFile; fileRef = ED5483392218732E0040473E /* LaunchScreen.storyboard */; };
/* End PBXBuildFile section */

/* Begin PBXFileReference section */
		6BABDF1AABC08B50D4E0F8A0 /* Pods-ExampleApp_iOS.release.xcconfig */ = {isa = PBXFileReference; includeInIndex = 1; lastKnownFileType = text.xcconfig; name = "Pods-ExampleApp_iOS.release.xcconfig"; path = "Pods/Target Support Files/Pods-ExampleApp_iOS/Pods-ExampleApp_iOS.release.xcconfig"; sourceTree = "<group>"; };
		765D5D412221651B00A9D6B9 /* ColorSpaceManager.swift */ = {isa = PBXFileReference; lastKnownFileType = sourcecode.swift; path = ColorSpaceManager.swift; sourceTree = "<group>"; };
		765D5D432221659A00A9D6B9 /* ColorSpace.swift */ = {isa = PBXFileReference; lastKnownFileType = sourcecode.swift; path = ColorSpace.swift; sourceTree = "<group>"; };
		765D5D45222167B600A9D6B9 /* RGBColorSpace.swift */ = {isa = PBXFileReference; lastKnownFileType = sourcecode.swift; path = RGBColorSpace.swift; sourceTree = "<group>"; };
		765D5D47222167C100A9D6B9 /* HSVColorSpace.swift */ = {isa = PBXFileReference; lastKnownFileType = sourcecode.swift; path = HSVColorSpace.swift; sourceTree = "<group>"; };
		765D5D492221B4DF00A9D6B9 /* HSLColorSpace.swift */ = {isa = PBXFileReference; lastKnownFileType = sourcecode.swift; path = HSLColorSpace.swift; sourceTree = "<group>"; };
		765D5D4B2221B4ED00A9D6B9 /* RYBColorSpace.swift */ = {isa = PBXFileReference; lastKnownFileType = sourcecode.swift; path = RYBColorSpace.swift; sourceTree = "<group>"; };
		765D5D4D2222B1E900A9D6B9 /* LMSColorSpace.swift */ = {isa = PBXFileReference; lastKnownFileType = sourcecode.swift; path = LMSColorSpace.swift; sourceTree = "<group>"; };
		AA9EB09EC124B323F402AAD6 /* Pods-ExampleApp_iOS.debug.xcconfig */ = {isa = PBXFileReference; includeInIndex = 1; lastKnownFileType = text.xcconfig; name = "Pods-ExampleApp_iOS.debug.xcconfig"; path = "Pods/Target Support Files/Pods-ExampleApp_iOS/Pods-ExampleApp_iOS.debug.xcconfig"; sourceTree = "<group>"; };
		C3D4C085952E0DA4D00C8894 /* Pods_ExampleApp_iOS.framework */ = {isa = PBXFileReference; explicitFileType = wrapper.framework; includeInIndex = 0; path = Pods_ExampleApp_iOS.framework; sourceTree = BUILT_PRODUCTS_DIR; };
		ED54832D2218732C0040473E /* ExampleApp_iOS.app */ = {isa = PBXFileReference; explicitFileType = wrapper.application; includeInIndex = 0; path = ExampleApp_iOS.app; sourceTree = BUILT_PRODUCTS_DIR; };
		ED5483302218732C0040473E /* AppDelegate.swift */ = {isa = PBXFileReference; lastKnownFileType = sourcecode.swift; path = AppDelegate.swift; sourceTree = "<group>"; };
		ED5483322218732C0040473E /* ViewController.swift */ = {isa = PBXFileReference; lastKnownFileType = sourcecode.swift; path = ViewController.swift; sourceTree = "<group>"; };
		ED5483352218732C0040473E /* Base */ = {isa = PBXFileReference; lastKnownFileType = file.storyboard; name = Base; path = Base.lproj/Main.storyboard; sourceTree = "<group>"; };
		ED5483372218732E0040473E /* Assets.xcassets */ = {isa = PBXFileReference; lastKnownFileType = folder.assetcatalog; path = Assets.xcassets; sourceTree = "<group>"; };
		ED54833A2218732E0040473E /* Base */ = {isa = PBXFileReference; lastKnownFileType = file.storyboard; name = Base; path = Base.lproj/LaunchScreen.storyboard; sourceTree = "<group>"; };
		ED54833C2218732E0040473E /* Info.plist */ = {isa = PBXFileReference; lastKnownFileType = text.plist.xml; path = Info.plist; sourceTree = "<group>"; };
/* End PBXFileReference section */

/* Begin PBXFrameworksBuildPhase section */
		ED54832A2218732C0040473E /* Frameworks */ = {
			isa = PBXFrameworksBuildPhase;
			buildActionMask = 2147483647;
			files = (
				726025321ACADED9C98052BB /* Pods_ExampleApp_iOS.framework in Frameworks */,
			);
			runOnlyForDeploymentPostprocessing = 0;
		};
/* End PBXFrameworksBuildPhase section */

/* Begin PBXGroup section */
		34F80FA23E6892ECEA9725EC /* Pods */ = {
			isa = PBXGroup;
			children = (
				AA9EB09EC124B323F402AAD6 /* Pods-ExampleApp_iOS.debug.xcconfig */,
				6BABDF1AABC08B50D4E0F8A0 /* Pods-ExampleApp_iOS.release.xcconfig */,
			);
			name = Pods;
			sourceTree = "<group>";
		};
		5F027F97D945398D656AC4BF /* Frameworks */ = {
			isa = PBXGroup;
			children = (
				C3D4C085952E0DA4D00C8894 /* Pods_ExampleApp_iOS.framework */,
			);
			name = Frameworks;
			sourceTree = "<group>";
		};
		ED5483242218732C0040473E = {
			isa = PBXGroup;
			children = (
				ED54832F2218732C0040473E /* ExampleApp_iOS */,
				ED54832E2218732C0040473E /* Products */,
				34F80FA23E6892ECEA9725EC /* Pods */,
				5F027F97D945398D656AC4BF /* Frameworks */,
			);
			sourceTree = "<group>";
		};
		ED54832E2218732C0040473E /* Products */ = {
			isa = PBXGroup;
			children = (
				ED54832D2218732C0040473E /* ExampleApp_iOS.app */,
			);
			name = Products;
			sourceTree = "<group>";
		};
		ED54832F2218732C0040473E /* ExampleApp_iOS */ = {
			isa = PBXGroup;
			children = (
				ED5483302218732C0040473E /* AppDelegate.swift */,
				ED5483322218732C0040473E /* ViewController.swift */,
				765D5D412221651B00A9D6B9 /* ColorSpaceManager.swift */,
				765D5D432221659A00A9D6B9 /* ColorSpace.swift */,
				765D5D45222167B600A9D6B9 /* RGBColorSpace.swift */,
				765D5D4B2221B4ED00A9D6B9 /* RYBColorSpace.swift */,
				765D5D47222167C100A9D6B9 /* HSVColorSpace.swift */,
				765D5D492221B4DF00A9D6B9 /* HSLColorSpace.swift */,
				765D5D4D2222B1E900A9D6B9 /* LMSColorSpace.swift */,
				ED5483342218732C0040473E /* Main.storyboard */,
				ED5483372218732E0040473E /* Assets.xcassets */,
				ED5483392218732E0040473E /* LaunchScreen.storyboard */,
				ED54833C2218732E0040473E /* Info.plist */,
			);
			path = ExampleApp_iOS;
			sourceTree = "<group>";
		};
/* End PBXGroup section */

/* Begin PBXNativeTarget section */
		ED54832C2218732C0040473E /* ExampleApp_iOS */ = {
			isa = PBXNativeTarget;
			buildConfigurationList = ED54833F2218732E0040473E /* Build configuration list for PBXNativeTarget "ExampleApp_iOS" */;
			buildPhases = (
				172F67C8465E9264513307BB /* [CP] Check Pods Manifest.lock */,
				ED5483292218732C0040473E /* Sources */,
				ED54832A2218732C0040473E /* Frameworks */,
				ED54832B2218732C0040473E /* Resources */,
				34BD9A2ABC62443B31B9987C /* [CP] Embed Pods Frameworks */,
			);
			buildRules = (
			);
			dependencies = (
			);
			name = ExampleApp_iOS;
			productName = ExampleApp_iOS;
			productReference = ED54832D2218732C0040473E /* ExampleApp_iOS.app */;
			productType = "com.apple.product-type.application";
		};
/* End PBXNativeTarget section */

/* Begin PBXProject section */
		ED5483252218732C0040473E /* Project object */ = {
			isa = PBXProject;
			attributes = {
				LastSwiftUpdateCheck = 1010;
				LastUpgradeCheck = 1010;
				ORGANIZATIONNAME = "Lorenzo Bernaschina";
				TargetAttributes = {
					ED54832C2218732C0040473E = {
						CreatedOnToolsVersion = 10.1;
					};
				};
			};
			buildConfigurationList = ED5483282218732C0040473E /* Build configuration list for PBXProject "ExampleApp_iOS" */;
			compatibilityVersion = "Xcode 9.3";
			developmentRegion = en;
			hasScannedForEncodings = 0;
			knownRegions = (
				en,
				Base,
			);
			mainGroup = ED5483242218732C0040473E;
			productRefGroup = ED54832E2218732C0040473E /* Products */;
			projectDirPath = "";
			projectRoot = "";
			targets = (
				ED54832C2218732C0040473E /* ExampleApp_iOS */,
			);
		};
/* End PBXProject section */

/* Begin PBXResourcesBuildPhase section */
		ED54832B2218732C0040473E /* Resources */ = {
			isa = PBXResourcesBuildPhase;
			buildActionMask = 2147483647;
			files = (
				ED54833B2218732E0040473E /* LaunchScreen.storyboard in Resources */,
				ED5483382218732E0040473E /* Assets.xcassets in Resources */,
				ED5483362218732C0040473E /* Main.storyboard in Resources */,
			);
			runOnlyForDeploymentPostprocessing = 0;
		};
/* End PBXResourcesBuildPhase section */

/* Begin PBXShellScriptBuildPhase section */
		172F67C8465E9264513307BB /* [CP] Check Pods Manifest.lock */ = {
			isa = PBXShellScriptBuildPhase;
			buildActionMask = 2147483647;
			files = (
			);
			inputPaths = (
				"${PODS_PODFILE_DIR_PATH}/Podfile.lock",
				"${PODS_ROOT}/Manifest.lock",
			);
			name = "[CP] Check Pods Manifest.lock";
			outputPaths = (
				"$(DERIVED_FILE_DIR)/Pods-ExampleApp_iOS-checkManifestLockResult.txt",
			);
			runOnlyForDeploymentPostprocessing = 0;
			shellPath = /bin/sh;
			shellScript = "diff \"${PODS_PODFILE_DIR_PATH}/Podfile.lock\" \"${PODS_ROOT}/Manifest.lock\" > /dev/null\nif [ $? != 0 ] ; then\n    # print error to STDERR\n    echo \"error: The sandbox is not in sync with the Podfile.lock. Run 'pod install' or update your CocoaPods installation.\" >&2\n    exit 1\nfi\n# This output is used by Xcode 'outputs' to avoid re-running this script phase.\necho \"SUCCESS\" > \"${SCRIPT_OUTPUT_FILE_0}\"\n";
			showEnvVarsInLog = 0;
		};
		34BD9A2ABC62443B31B9987C /* [CP] Embed Pods Frameworks */ = {
			isa = PBXShellScriptBuildPhase;
			buildActionMask = 2147483647;
			files = (
			);
			inputPaths = (
				"${SRCROOT}/Pods/Target Support Files/Pods-ExampleApp_iOS/Pods-ExampleApp_iOS-frameworks.sh",
				"${BUILT_PRODUCTS_DIR}/ColorKit/ColorKit.framework",
			);
			name = "[CP] Embed Pods Frameworks";
			outputPaths = (
				"${TARGET_BUILD_DIR}/${FRAMEWORKS_FOLDER_PATH}/ColorKit.framework",
			);
			runOnlyForDeploymentPostprocessing = 0;
			shellPath = /bin/sh;
			shellScript = "\"${SRCROOT}/Pods/Target Support Files/Pods-ExampleApp_iOS/Pods-ExampleApp_iOS-frameworks.sh\"\n";
			showEnvVarsInLog = 0;
		};
/* End PBXShellScriptBuildPhase section */

/* Begin PBXSourcesBuildPhase section */
		ED5483292218732C0040473E /* Sources */ = {
			isa = PBXSourcesBuildPhase;
			buildActionMask = 2147483647;
			files = (
				765D5D4E2222B1E900A9D6B9 /* LMSColorSpace.swift in Sources */,
				765D5D48222167C100A9D6B9 /* HSVColorSpace.swift in Sources */,
				765D5D46222167B600A9D6B9 /* RGBColorSpace.swift in Sources */,
				ED5483332218732C0040473E /* ViewController.swift in Sources */,
				ED5483312218732C0040473E /* AppDelegate.swift in Sources */,
				765D5D4A2221B4DF00A9D6B9 /* HSLColorSpace.swift in Sources */,
				765D5D442221659A00A9D6B9 /* ColorSpace.swift in Sources */,
				765D5D4C2221B4ED00A9D6B9 /* RYBColorSpace.swift in Sources */,
				765D5D422221651B00A9D6B9 /* ColorSpaceManager.swift in Sources */,
			);
			runOnlyForDeploymentPostprocessing = 0;
		};
/* End PBXSourcesBuildPhase section */

/* Begin PBXVariantGroup section */
		ED5483342218732C0040473E /* Main.storyboard */ = {
			isa = PBXVariantGroup;
			children = (
				ED5483352218732C0040473E /* Base */,
			);
			name = Main.storyboard;
			sourceTree = "<group>";
		};
		ED5483392218732E0040473E /* LaunchScreen.storyboard */ = {
			isa = PBXVariantGroup;
			children = (
				ED54833A2218732E0040473E /* Base */,
			);
			name = LaunchScreen.storyboard;
			sourceTree = "<group>";
		};
/* End PBXVariantGroup section */

/* Begin XCBuildConfiguration section */
		ED54833D2218732E0040473E /* Debug */ = {
			isa = XCBuildConfiguration;
			buildSettings = {
				ALWAYS_SEARCH_USER_PATHS = NO;
				CLANG_ANALYZER_NONNULL = YES;
				CLANG_ANALYZER_NUMBER_OBJECT_CONVERSION = YES_AGGRESSIVE;
				CLANG_CXX_LANGUAGE_STANDARD = "gnu++14";
				CLANG_CXX_LIBRARY = "libc++";
				CLANG_ENABLE_MODULES = YES;
				CLANG_ENABLE_OBJC_ARC = YES;
				CLANG_ENABLE_OBJC_WEAK = YES;
				CLANG_WARN_BLOCK_CAPTURE_AUTORELEASING = YES;
				CLANG_WARN_BOOL_CONVERSION = YES;
				CLANG_WARN_COMMA = YES;
				CLANG_WARN_CONSTANT_CONVERSION = YES;
				CLANG_WARN_DEPRECATED_OBJC_IMPLEMENTATIONS = YES;
				CLANG_WARN_DIRECT_OBJC_ISA_USAGE = YES_ERROR;
				CLANG_WARN_DOCUMENTATION_COMMENTS = YES;
				CLANG_WARN_EMPTY_BODY = YES;
				CLANG_WARN_ENUM_CONVERSION = YES;
				CLANG_WARN_INFINITE_RECURSION = YES;
				CLANG_WARN_INT_CONVERSION = YES;
				CLANG_WARN_NON_LITERAL_NULL_CONVERSION = YES;
				CLANG_WARN_OBJC_IMPLICIT_RETAIN_SELF = YES;
				CLANG_WARN_OBJC_LITERAL_CONVERSION = YES;
				CLANG_WARN_OBJC_ROOT_CLASS = YES_ERROR;
				CLANG_WARN_RANGE_LOOP_ANALYSIS = YES;
				CLANG_WARN_STRICT_PROTOTYPES = YES;
				CLANG_WARN_SUSPICIOUS_MOVE = YES;
				CLANG_WARN_UNGUARDED_AVAILABILITY = YES_AGGRESSIVE;
				CLANG_WARN_UNREACHABLE_CODE = YES;
				CLANG_WARN__DUPLICATE_METHOD_MATCH = YES;
				CODE_SIGN_IDENTITY = "iPhone Developer";
				COPY_PHASE_STRIP = NO;
				DEBUG_INFORMATION_FORMAT = dwarf;
				ENABLE_STRICT_OBJC_MSGSEND = YES;
				ENABLE_TESTABILITY = YES;
				GCC_C_LANGUAGE_STANDARD = gnu11;
				GCC_DYNAMIC_NO_PIC = NO;
				GCC_NO_COMMON_BLOCKS = YES;
				GCC_OPTIMIZATION_LEVEL = 0;
				GCC_PREPROCESSOR_DEFINITIONS = (
					"DEBUG=1",
					"$(inherited)",
				);
				GCC_WARN_64_TO_32_BIT_CONVERSION = YES;
				GCC_WARN_ABOUT_RETURN_TYPE = YES_ERROR;
				GCC_WARN_UNDECLARED_SELECTOR = YES;
				GCC_WARN_UNINITIALIZED_AUTOS = YES_AGGRESSIVE;
				GCC_WARN_UNUSED_FUNCTION = YES;
				GCC_WARN_UNUSED_VARIABLE = YES;
				IPHONEOS_DEPLOYMENT_TARGET = 12.1;
				MTL_ENABLE_DEBUG_INFO = INCLUDE_SOURCE;
				MTL_FAST_MATH = YES;
				ONLY_ACTIVE_ARCH = YES;
				SDKROOT = iphoneos;
				SWIFT_ACTIVE_COMPILATION_CONDITIONS = DEBUG;
				SWIFT_OPTIMIZATION_LEVEL = "-Onone";
			};
			name = Debug;
		};
		ED54833E2218732E0040473E /* Release */ = {
			isa = XCBuildConfiguration;
			buildSettings = {
				ALWAYS_SEARCH_USER_PATHS = NO;
				CLANG_ANALYZER_NONNULL = YES;
				CLANG_ANALYZER_NUMBER_OBJECT_CONVERSION = YES_AGGRESSIVE;
				CLANG_CXX_LANGUAGE_STANDARD = "gnu++14";
				CLANG_CXX_LIBRARY = "libc++";
				CLANG_ENABLE_MODULES = YES;
				CLANG_ENABLE_OBJC_ARC = YES;
				CLANG_ENABLE_OBJC_WEAK = YES;
				CLANG_WARN_BLOCK_CAPTURE_AUTORELEASING = YES;
				CLANG_WARN_BOOL_CONVERSION = YES;
				CLANG_WARN_COMMA = YES;
				CLANG_WARN_CONSTANT_CONVERSION = YES;
				CLANG_WARN_DEPRECATED_OBJC_IMPLEMENTATIONS = YES;
				CLANG_WARN_DIRECT_OBJC_ISA_USAGE = YES_ERROR;
				CLANG_WARN_DOCUMENTATION_COMMENTS = YES;
				CLANG_WARN_EMPTY_BODY = YES;
				CLANG_WARN_ENUM_CONVERSION = YES;
				CLANG_WARN_INFINITE_RECURSION = YES;
				CLANG_WARN_INT_CONVERSION = YES;
				CLANG_WARN_NON_LITERAL_NULL_CONVERSION = YES;
				CLANG_WARN_OBJC_IMPLICIT_RETAIN_SELF = YES;
				CLANG_WARN_OBJC_LITERAL_CONVERSION = YES;
				CLANG_WARN_OBJC_ROOT_CLASS = YES_ERROR;
				CLANG_WARN_RANGE_LOOP_ANALYSIS = YES;
				CLANG_WARN_STRICT_PROTOTYPES = YES;
				CLANG_WARN_SUSPICIOUS_MOVE = YES;
				CLANG_WARN_UNGUARDED_AVAILABILITY = YES_AGGRESSIVE;
				CLANG_WARN_UNREACHABLE_CODE = YES;
				CLANG_WARN__DUPLICATE_METHOD_MATCH = YES;
				CODE_SIGN_IDENTITY = "iPhone Developer";
				COPY_PHASE_STRIP = NO;
				DEBUG_INFORMATION_FORMAT = "dwarf-with-dsym";
				ENABLE_NS_ASSERTIONS = NO;
				ENABLE_STRICT_OBJC_MSGSEND = YES;
				GCC_C_LANGUAGE_STANDARD = gnu11;
				GCC_NO_COMMON_BLOCKS = YES;
				GCC_WARN_64_TO_32_BIT_CONVERSION = YES;
				GCC_WARN_ABOUT_RETURN_TYPE = YES_ERROR;
				GCC_WARN_UNDECLARED_SELECTOR = YES;
				GCC_WARN_UNINITIALIZED_AUTOS = YES_AGGRESSIVE;
				GCC_WARN_UNUSED_FUNCTION = YES;
				GCC_WARN_UNUSED_VARIABLE = YES;
				IPHONEOS_DEPLOYMENT_TARGET = 12.1;
				MTL_ENABLE_DEBUG_INFO = NO;
				MTL_FAST_MATH = YES;
				SDKROOT = iphoneos;
				SWIFT_COMPILATION_MODE = wholemodule;
				SWIFT_OPTIMIZATION_LEVEL = "-O";
				VALIDATE_PRODUCT = YES;
			};
			name = Release;
		};
		ED5483402218732E0040473E /* Debug */ = {
			isa = XCBuildConfiguration;
			baseConfigurationReference = AA9EB09EC124B323F402AAD6 /* Pods-ExampleApp_iOS.debug.xcconfig */;
			buildSettings = {
				ASSETCATALOG_COMPILER_APPICON_NAME = AppIcon;
				CODE_SIGN_STYLE = Automatic;
				DEVELOPMENT_TEAM = L675K9H7E6;
				INFOPLIST_FILE = ExampleApp_iOS/Info.plist;
				LD_RUNPATH_SEARCH_PATHS = (
					"$(inherited)",
					"@executable_path/Frameworks",
				);
				PRODUCT_BUNDLE_IDENTIFIER = "ittaboba.ExampleApp-iOS";
				PRODUCT_NAME = "$(TARGET_NAME)";
				SWIFT_VERSION = 4.2;
				TARGETED_DEVICE_FAMILY = "1,2";
			};
			name = Debug;
		};
		ED5483412218732E0040473E /* Release */ = {
			isa = XCBuildConfiguration;
			baseConfigurationReference = 6BABDF1AABC08B50D4E0F8A0 /* Pods-ExampleApp_iOS.release.xcconfig */;
			buildSettings = {
				ASSETCATALOG_COMPILER_APPICON_NAME = AppIcon;
				CODE_SIGN_STYLE = Automatic;
				DEVELOPMENT_TEAM = L675K9H7E6;
				INFOPLIST_FILE = ExampleApp_iOS/Info.plist;
				LD_RUNPATH_SEARCH_PATHS = (
					"$(inherited)",
					"@executable_path/Frameworks",
				);
				PRODUCT_BUNDLE_IDENTIFIER = "ittaboba.ExampleApp-iOS";
				PRODUCT_NAME = "$(TARGET_NAME)";
				SWIFT_VERSION = 4.2;
				TARGETED_DEVICE_FAMILY = "1,2";
			};
			name = Release;
		};
/* End XCBuildConfiguration section */

/* Begin XCConfigurationList section */
		ED5483282218732C0040473E /* Build configuration list for PBXProject "ExampleApp_iOS" */ = {
			isa = XCConfigurationList;
			buildConfigurations = (
				ED54833D2218732E0040473E /* Debug */,
				ED54833E2218732E0040473E /* Release */,
			);
			defaultConfigurationIsVisible = 0;
			defaultConfigurationName = Release;
		};
		ED54833F2218732E0040473E /* Build configuration list for PBXNativeTarget "ExampleApp_iOS" */ = {
			isa = XCConfigurationList;
			buildConfigurations = (
				ED5483402218732E0040473E /* Debug */,
				ED5483412218732E0040473E /* Release */,
			);
			defaultConfigurationIsVisible = 0;
			defaultConfigurationName = Release;
		};
/* End XCConfigurationList section */
	};
	rootObject = ED5483252218732C0040473E /* Project object */;
}
