// !$*UTF8*$!
{
	archiveVersion = 1;
	classes = {
	};
	objectVersion = 50;
	objects = {

/* Begin PBXBuildFile section */
		A7E84AD6B9ECD76C64DA29A2 /* Pods_ExampleApp_macOS.framework in Frameworks */ = {isa = PBXBuildFile; fileRef = 6EA3EB1A306526E68AC05D7B /* Pods_ExampleApp_macOS.framework */; };
		ED54834F221877480040473E /* AppDelegate.swift in Sources */ = {isa = PBXBuildFile; fileRef = ED54834E221877480040473E /* AppDelegate.swift */; };
		ED548351221877480040473E /* ViewController.swift in Sources */ = {isa = PBXBuildFile; fileRef = ED548350221877480040473E /* ViewController.swift */; };
		ED548353221877490040473E /* Assets.xcassets in Resources */ = {isa = PBXBuildFile; fileRef = ED548352221877490040473E /* Assets.xcassets */; };
		ED548356221877490040473E /* Main.storyboard in Resources */ = {isa = PBXBuildFile; fileRef = ED548354221877490040473E /* Main.storyboard */; };
/* End PBXBuildFile section */

/* Begin PBXFileReference section */
		6EA3EB1A306526E68AC05D7B /* Pods_ExampleApp_macOS.framework */ = {isa = PBXFileReference; explicitFileType = wrapper.framework; includeInIndex = 0; path = Pods_ExampleApp_macOS.framework; sourceTree = BUILT_PRODUCTS_DIR; };
		7034C0138631E5F923863D4A /* Pods-ExampleApp_macOS.release.xcconfig */ = {isa = PBXFileReference; includeInIndex = 1; lastKnownFileType = text.xcconfig; name = "Pods-ExampleApp_macOS.release.xcconfig"; path = "Pods/Target Support Files/Pods-ExampleApp_macOS/Pods-ExampleApp_macOS.release.xcconfig"; sourceTree = "<group>"; };
		BB9DD960ECE3D08555B6C1C8 /* Pods-ExampleApp_macOS.debug.xcconfig */ = {isa = PBXFileReference; includeInIndex = 1; lastKnownFileType = text.xcconfig; name = "Pods-ExampleApp_macOS.debug.xcconfig"; path = "Pods/Target Support Files/Pods-ExampleApp_macOS/Pods-ExampleApp_macOS.debug.xcconfig"; sourceTree = "<group>"; };
		ED54834B221877480040473E /* ExampleApp_macOS.app */ = {isa = PBXFileReference; explicitFileType = wrapper.application; includeInIndex = 0; path = ExampleApp_macOS.app; sourceTree = BUILT_PRODUCTS_DIR; };
		ED54834E221877480040473E /* AppDelegate.swift */ = {isa = PBXFileReference; lastKnownFileType = sourcecode.swift; path = AppDelegate.swift; sourceTree = "<group>"; };
		ED548350221877480040473E /* ViewController.swift */ = {isa = PBXFileReference; lastKnownFileType = sourcecode.swift; path = ViewController.swift; sourceTree = "<group>"; };
		ED548352221877490040473E /* Assets.xcassets */ = {isa = PBXFileReference; lastKnownFileType = folder.assetcatalog; path = Assets.xcassets; sourceTree = "<group>"; };
		ED548355221877490040473E /* Base */ = {isa = PBXFileReference; lastKnownFileType = file.storyboard; name = Base; path = Base.lproj/Main.storyboard; sourceTree = "<group>"; };
		ED548357221877490040473E /* Info.plist */ = {isa = PBXFileReference; lastKnownFileType = text.plist.xml; path = Info.plist; sourceTree = "<group>"; };
		ED548358221877490040473E /* ExampleApp_macOS.entitlements */ = {isa = PBXFileReference; lastKnownFileType = text.plist.entitlements; path = ExampleApp_macOS.entitlements; sourceTree = "<group>"; };
/* End PBXFileReference section */

/* Begin PBXFrameworksBuildPhase section */
		ED548348221877480040473E /* Frameworks */ = {
			isa = PBXFrameworksBuildPhase;
			buildActionMask = 2147483647;
			files = (
				A7E84AD6B9ECD76C64DA29A2 /* Pods_ExampleApp_macOS.framework in Frameworks */,
			);
			runOnlyForDeploymentPostprocessing = 0;
		};
/* End PBXFrameworksBuildPhase section */

/* Begin PBXGroup section */
		72A7C463997AC6640E2E3C19 /* Pods */ = {
			isa = PBXGroup;
			children = (
				BB9DD960ECE3D08555B6C1C8 /* Pods-ExampleApp_macOS.debug.xcconfig */,
				7034C0138631E5F923863D4A /* Pods-ExampleApp_macOS.release.xcconfig */,
			);
			name = Pods;
			sourceTree = "<group>";
		};
		A1AF1D70329DFF1E00BE759E /* Frameworks */ = {
			isa = PBXGroup;
			children = (
				6EA3EB1A306526E68AC05D7B /* Pods_ExampleApp_macOS.framework */,
			);
			name = Frameworks;
			sourceTree = "<group>";
		};
		ED548342221877480040473E = {
			isa = PBXGroup;
			children = (
				ED54834D221877480040473E /* ExampleApp_macOS */,
				ED54834C221877480040473E /* Products */,
				72A7C463997AC6640E2E3C19 /* Pods */,
				A1AF1D70329DFF1E00BE759E /* Frameworks */,
			);
			sourceTree = "<group>";
		};
		ED54834C221877480040473E /* Products */ = {
			isa = PBXGroup;
			children = (
				ED54834B221877480040473E /* ExampleApp_macOS.app */,
			);
			name = Products;
			sourceTree = "<group>";
		};
		ED54834D221877480040473E /* ExampleApp_macOS */ = {
			isa = PBXGroup;
			children = (
				ED54834E221877480040473E /* AppDelegate.swift */,
				ED548350221877480040473E /* ViewController.swift */,
				ED548352221877490040473E /* Assets.xcassets */,
				ED548354221877490040473E /* Main.storyboard */,
				ED548357221877490040473E /* Info.plist */,
				ED548358221877490040473E /* ExampleApp_macOS.entitlements */,
			);
			path = ExampleApp_macOS;
			sourceTree = "<group>";
		};
/* End PBXGroup section */

/* Begin PBXNativeTarget section */
		ED54834A221877480040473E /* ExampleApp_macOS */ = {
			isa = PBXNativeTarget;
			buildConfigurationList = ED54835B221877490040473E /* Build configuration list for PBXNativeTarget "ExampleApp_macOS" */;
			buildPhases = (
				E47984AAFB20A9226410D404 /* [CP] Check Pods Manifest.lock */,
				ED548347221877480040473E /* Sources */,
				ED548348221877480040473E /* Frameworks */,
				ED548349221877480040473E /* Resources */,
				48A9AFF384D383C0B798D8E8 /* [CP] Embed Pods Frameworks */,
			);
			buildRules = (
			);
			dependencies = (
			);
			name = ExampleApp_macOS;
			productName = ExampleApp_macOS;
			productReference = ED54834B221877480040473E /* ExampleApp_macOS.app */;
			productType = "com.apple.product-type.application";
		};
/* End PBXNativeTarget section */

/* Begin PBXProject section */
		ED548343221877480040473E /* Project object */ = {
			isa = PBXProject;
			attributes = {
				LastSwiftUpdateCheck = 1010;
				LastUpgradeCheck = 1010;
				ORGANIZATIONNAME = "Lorenzo Bernaschina";
				TargetAttributes = {
					ED54834A221877480040473E = {
						CreatedOnToolsVersion = 10.1;
					};
				};
			};
			buildConfigurationList = ED548346221877480040473E /* Build configuration list for PBXProject "ExampleApp_macOS" */;
			compatibilityVersion = "Xcode 9.3";
			developmentRegion = en;
			hasScannedForEncodings = 0;
			knownRegions = (
				en,
				Base,
			);
			mainGroup = ED548342221877480040473E;
			productRefGroup = ED54834C221877480040473E /* Products */;
			projectDirPath = "";
			projectRoot = "";
			targets = (
				ED54834A221877480040473E /* ExampleApp_macOS */,
			);
		};
/* End PBXProject section */

/* Begin PBXResourcesBuildPhase section */
		ED548349221877480040473E /* Resources */ = {
			isa = PBXResourcesBuildPhase;
			buildActionMask = 2147483647;
			files = (
				ED548353221877490040473E /* Assets.xcassets in Resources */,
				ED548356221877490040473E /* Main.storyboard in Resources */,
			);
			runOnlyForDeploymentPostprocessing = 0;
		};
/* End PBXResourcesBuildPhase section */

/* Begin PBXShellScriptBuildPhase section */
		48A9AFF384D383C0B798D8E8 /* [CP] Embed Pods Frameworks */ = {
			isa = PBXShellScriptBuildPhase;
			buildActionMask = 2147483647;
			files = (
			);
			inputPaths = (
				"${PODS_ROOT}/Target Support Files/Pods-ExampleApp_macOS/Pods-ExampleApp_macOS-frameworks.sh",
				"${BUILT_PRODUCTS_DIR}/ColorKit/ColorKit.framework",
			);
			name = "[CP] Embed Pods Frameworks";
			outputPaths = (
				"${TARGET_BUILD_DIR}/${FRAMEWORKS_FOLDER_PATH}/ColorKit.framework",
			);
			runOnlyForDeploymentPostprocessing = 0;
			shellPath = /bin/sh;
			shellScript = "\"${PODS_ROOT}/Target Support Files/Pods-ExampleApp_macOS/Pods-ExampleApp_macOS-frameworks.sh\"\n";
			showEnvVarsInLog = 0;
		};
		E47984AAFB20A9226410D404 /* [CP] Check Pods Manifest.lock */ = {
			isa = PBXShellScriptBuildPhase;
			buildActionMask = 2147483647;
			files = (
			);
			inputPaths = (
				"${PODS_PODFILE_DIR_PATH}/Podfile.lock",
				"${PODS_ROOT}/Manifest.lock",
			);
			name = "[CP] Check Pods Manifest.lock";
			outputPaths = (
				"$(DERIVED_FILE_DIR)/Pods-ExampleApp_macOS-checkManifestLockResult.txt",
			);
			runOnlyForDeploymentPostprocessing = 0;
			shellPath = /bin/sh;
			shellScript = "diff \"${PODS_PODFILE_DIR_PATH}/Podfile.lock\" \"${PODS_ROOT}/Manifest.lock\" > /dev/null\nif [ $? != 0 ] ; then\n    # print error to STDERR\n    echo \"error: The sandbox is not in sync with the Podfile.lock. Run 'pod install' or update your CocoaPods installation.\" >&2\n    exit 1\nfi\n# This output is used by Xcode 'outputs' to avoid re-running this script phase.\necho \"SUCCESS\" > \"${SCRIPT_OUTPUT_FILE_0}\"\n";
			showEnvVarsInLog = 0;
		};
/* End PBXShellScriptBuildPhase section */

/* Begin PBXSourcesBuildPhase section */
		ED548347221877480040473E /* Sources */ = {
			isa = PBXSourcesBuildPhase;
			buildActionMask = 2147483647;
			files = (
				ED548351221877480040473E /* ViewController.swift in Sources */,
				ED54834F221877480040473E /* AppDelegate.swift in Sources */,
			);
			runOnlyForDeploymentPostprocessing = 0;
		};
/* End PBXSourcesBuildPhase section */

/* Begin PBXVariantGroup section */
		ED548354221877490040473E /* Main.storyboard */ = {
			isa = PBXVariantGroup;
			children = (
				ED548355221877490040473E /* Base */,
			);
			name = Main.storyboard;
			sourceTree = "<group>";
		};
/* End PBXVariantGroup section */

/* Begin XCBuildConfiguration section */
		ED548359221877490040473E /* Debug */ = {
			isa = XCBuildConfiguration;
			buildSettings = {
				ALWAYS_SEARCH_USER_PATHS = NO;
				CLANG_ANALYZER_NONNULL = YES;
				CLANG_ANALYZER_NUMBER_OBJECT_CONVERSION = YES_AGGRESSIVE;
				CLANG_CXX_LANGUAGE_STANDARD = "gnu++14";
				CLANG_CXX_LIBRARY = "libc++";
				CLANG_ENABLE_MODULES = YES;
				CLANG_ENABLE_OBJC_ARC = YES;
				CLANG_ENABLE_OBJC_WEAK = YES;
				CLANG_WARN_BLOCK_CAPTURE_AUTORELEASING = YES;
				CLANG_WARN_BOOL_CONVERSION = YES;
				CLANG_WARN_COMMA = YES;
				CLANG_WARN_CONSTANT_CONVERSION = YES;
				CLANG_WARN_DEPRECATED_OBJC_IMPLEMENTATIONS = YES;
				CLANG_WARN_DIRECT_OBJC_ISA_USAGE = YES_ERROR;
				CLANG_WARN_DOCUMENTATION_COMMENTS = YES;
				CLANG_WARN_EMPTY_BODY = YES;
				CLANG_WARN_ENUM_CONVERSION = YES;
				CLANG_WARN_INFINITE_RECURSION = YES;
				CLANG_WARN_INT_CONVERSION = YES;
				CLANG_WARN_NON_LITERAL_NULL_CONVERSION = YES;
				CLANG_WARN_OBJC_IMPLICIT_RETAIN_SELF = YES;
				CLANG_WARN_OBJC_LITERAL_CONVERSION = YES;
				CLANG_WARN_OBJC_ROOT_CLASS = YES_ERROR;
				CLANG_WARN_RANGE_LOOP_ANALYSIS = YES;
				CLANG_WARN_STRICT_PROTOTYPES = YES;
				CLANG_WARN_SUSPICIOUS_MOVE = YES;
				CLANG_WARN_UNGUARDED_AVAILABILITY = YES_AGGRESSIVE;
				CLANG_WARN_UNREACHABLE_CODE = YES;
				CLANG_WARN__DUPLICATE_METHOD_MATCH = YES;
				CODE_SIGN_IDENTITY = "Mac Developer";
				COPY_PHASE_STRIP = NO;
				DEBUG_INFORMATION_FORMAT = dwarf;
				ENABLE_STRICT_OBJC_MSGSEND = YES;
				ENABLE_TESTABILITY = YES;
				GCC_C_LANGUAGE_STANDARD = gnu11;
				GCC_DYNAMIC_NO_PIC = NO;
				GCC_NO_COMMON_BLOCKS = YES;
				GCC_OPTIMIZATION_LEVEL = 0;
				GCC_PREPROCESSOR_DEFINITIONS = (
					"DEBUG=1",
					"$(inherited)",
				);
				GCC_WARN_64_TO_32_BIT_CONVERSION = YES;
				GCC_WARN_ABOUT_RETURN_TYPE = YES_ERROR;
				GCC_WARN_UNDECLARED_SELECTOR = YES;
				GCC_WARN_UNINITIALIZED_AUTOS = YES_AGGRESSIVE;
				GCC_WARN_UNUSED_FUNCTION = YES;
				GCC_WARN_UNUSED_VARIABLE = YES;
				MACOSX_DEPLOYMENT_TARGET = 10.14;
				MTL_ENABLE_DEBUG_INFO = INCLUDE_SOURCE;
				MTL_FAST_MATH = YES;
				ONLY_ACTIVE_ARCH = YES;
				SDKROOT = macosx;
				SWIFT_ACTIVE_COMPILATION_CONDITIONS = DEBUG;
				SWIFT_OPTIMIZATION_LEVEL = "-Onone";
			};
			name = Debug;
		};
		ED54835A221877490040473E /* Release */ = {
			isa = XCBuildConfiguration;
			buildSettings = {
				ALWAYS_SEARCH_USER_PATHS = NO;
				CLANG_ANALYZER_NONNULL = YES;
				CLANG_ANALYZER_NUMBER_OBJECT_CONVERSION = YES_AGGRESSIVE;
				CLANG_CXX_LANGUAGE_STANDARD = "gnu++14";
				CLANG_CXX_LIBRARY = "libc++";
				CLANG_ENABLE_MODULES = YES;
				CLANG_ENABLE_OBJC_ARC = YES;
				CLANG_ENABLE_OBJC_WEAK = YES;
				CLANG_WARN_BLOCK_CAPTURE_AUTORELEASING = YES;
				CLANG_WARN_BOOL_CONVERSION = YES;
				CLANG_WARN_COMMA = YES;
				CLANG_WARN_CONSTANT_CONVERSION = YES;
				CLANG_WARN_DEPRECATED_OBJC_IMPLEMENTATIONS = YES;
				CLANG_WARN_DIRECT_OBJC_ISA_USAGE = YES_ERROR;
				CLANG_WARN_DOCUMENTATION_COMMENTS = YES;
				CLANG_WARN_EMPTY_BODY = YES;
				CLANG_WARN_ENUM_CONVERSION = YES;
				CLANG_WARN_INFINITE_RECURSION = YES;
				CLANG_WARN_INT_CONVERSION = YES;
				CLANG_WARN_NON_LITERAL_NULL_CONVERSION = YES;
				CLANG_WARN_OBJC_IMPLICIT_RETAIN_SELF = YES;
				CLANG_WARN_OBJC_LITERAL_CONVERSION = YES;
				CLANG_WARN_OBJC_ROOT_CLASS = YES_ERROR;
				CLANG_WARN_RANGE_LOOP_ANALYSIS = YES;
				CLANG_WARN_STRICT_PROTOTYPES = YES;
				CLANG_WARN_SUSPICIOUS_MOVE = YES;
				CLANG_WARN_UNGUARDED_AVAILABILITY = YES_AGGRESSIVE;
				CLANG_WARN_UNREACHABLE_CODE = YES;
				CLANG_WARN__DUPLICATE_METHOD_MATCH = YES;
				CODE_SIGN_IDENTITY = "Mac Developer";
				COPY_PHASE_STRIP = NO;
				DEBUG_INFORMATION_FORMAT = "dwarf-with-dsym";
				ENABLE_NS_ASSERTIONS = NO;
				ENABLE_STRICT_OBJC_MSGSEND = YES;
				GCC_C_LANGUAGE_STANDARD = gnu11;
				GCC_NO_COMMON_BLOCKS = YES;
				GCC_WARN_64_TO_32_BIT_CONVERSION = YES;
				GCC_WARN_ABOUT_RETURN_TYPE = YES_ERROR;
				GCC_WARN_UNDECLARED_SELECTOR = YES;
				GCC_WARN_UNINITIALIZED_AUTOS = YES_AGGRESSIVE;
				GCC_WARN_UNUSED_FUNCTION = YES;
				GCC_WARN_UNUSED_VARIABLE = YES;
				MACOSX_DEPLOYMENT_TARGET = 10.14;
				MTL_ENABLE_DEBUG_INFO = NO;
				MTL_FAST_MATH = YES;
				SDKROOT = macosx;
				SWIFT_COMPILATION_MODE = wholemodule;
				SWIFT_OPTIMIZATION_LEVEL = "-O";
			};
			name = Release;
		};
		ED54835C221877490040473E /* Debug */ = {
			isa = XCBuildConfiguration;
			baseConfigurationReference = BB9DD960ECE3D08555B6C1C8 /* Pods-ExampleApp_macOS.debug.xcconfig */;
			buildSettings = {
				ASSETCATALOG_COMPILER_APPICON_NAME = AppIcon;
				CODE_SIGN_ENTITLEMENTS = ExampleApp_macOS/ExampleApp_macOS.entitlements;
				CODE_SIGN_STYLE = Automatic;
				COMBINE_HIDPI_IMAGES = YES;
				DEVELOPMENT_TEAM = L675K9H7E6;
				INFOPLIST_FILE = ExampleApp_macOS/Info.plist;
				LD_RUNPATH_SEARCH_PATHS = (
					"$(inherited)",
					"@executable_path/../Frameworks",
				);
				PRODUCT_BUNDLE_IDENTIFIER = "ittaboba.ExampleApp-macOS";
				PRODUCT_NAME = "$(TARGET_NAME)";
				SWIFT_VERSION = 4.2;
			};
			name = Debug;
		};
		ED54835D221877490040473E /* Release */ = {
			isa = XCBuildConfiguration;
			baseConfigurationReference = 7034C0138631E5F923863D4A /* Pods-ExampleApp_macOS.release.xcconfig */;
			buildSettings = {
				ASSETCATALOG_COMPILER_APPICON_NAME = AppIcon;
				CODE_SIGN_ENTITLEMENTS = ExampleApp_macOS/ExampleApp_macOS.entitlements;
				CODE_SIGN_STYLE = Automatic;
				COMBINE_HIDPI_IMAGES = YES;
				DEVELOPMENT_TEAM = L675K9H7E6;
				INFOPLIST_FILE = ExampleApp_macOS/Info.plist;
				LD_RUNPATH_SEARCH_PATHS = (
					"$(inherited)",
					"@executable_path/../Frameworks",
				);
				PRODUCT_BUNDLE_IDENTIFIER = "ittaboba.ExampleApp-macOS";
				PRODUCT_NAME = "$(TARGET_NAME)";
				SWIFT_VERSION = 4.2;
			};
			name = Release;
		};
/* End XCBuildConfiguration section */

/* Begin XCConfigurationList section */
		ED548346221877480040473E /* Build configuration list for PBXProject "ExampleApp_macOS" */ = {
			isa = XCConfigurationList;
			buildConfigurations = (
				ED548359221877490040473E /* Debug */,
				ED54835A221877490040473E /* Release */,
			);
			defaultConfigurationIsVisible = 0;
			defaultConfigurationName = Release;
		};
		ED54835B221877490040473E /* Build configuration list for PBXNativeTarget "ExampleApp_macOS" */ = {
			isa = XCConfigurationList;
			buildConfigurations = (
				ED54835C221877490040473E /* Debug */,
				ED54835D221877490040473E /* Release */,
			);
			defaultConfigurationIsVisible = 0;
			defaultConfigurationName = Release;
		};
/* End XCConfigurationList section */
	};
	rootObject = ED548343221877480040473E /* Project object */;
}
